
Microsoft Visual Studio Solution File, Format Version 12.00
# Visual Studio Version 17
VisualStudioVersion = 17.8.34330.188
MinimumVisualStudioVersion = 10.0.40219.1
Project("{9A19103F-16F7-4668-BE54-9A1E7A4F7556}") = "BulkyWeb", "BulkyWeb\BulkyWeb.csproj", "{57CB1BB8-BEB3-4BDB-8902-412C6099E3F2}"
EndProject
Project("{FAE04EC0-301F-11D3-BF4B-00C04F79EFBC}") = "BulkyWebRazor_Temp", "BulkyWebRazor_Temp\BulkyWebRazor_Temp.csproj", "{619B259E-D35B-46D0-9575-3716991D0F11}"
EndProject
Project("{FAE04EC0-301F-11D3-BF4B-00C04F79EFBC}") = "Bulky.DataAccess", "Bulky.DataAccess\Bulky.DataAccess.csproj", "{2F10DBD6-CC98-4E4B-BA4D-0E253D6C66A2}"
EndProject
Project("{FAE04EC0-301F-11D3-BF4B-00C04F79EFBC}") = "Bulky.Models", "Bulky.Models\Bulky.Models.csproj", "{77A94ABA-F998-4AAD-A825-3D83CE339B77}"
EndProject
Project("{FAE04EC0-301F-11D3-BF4B-00C04F79EFBC}") = "Bulky.Utility", "Bulky.Utility\Bulky.Utility.csproj", "{9538E3E4-597C-4B62-8706-87D5DB78D6E7}"
EndProject
Global
	GlobalSection(SolutionConfigurationPlatforms) = preSolution
		Debug|Any CPU = Debug|Any CPU
		Release|Any CPU = Release|Any CPU
	EndGlobalSection
	GlobalSection(ProjectConfigurationPlatforms) = postSolution
		{57CB1BB8-BEB3-4BDB-8902-412C6099E3F2}.Debug|Any CPU.ActiveCfg = Debug|Any CPU
		{57CB1BB8-BEB3-4BDB-8902-412C6099E3F2}.Debug|Any CPU.Build.0 = Debug|Any CPU
		{57CB1BB8-BEB3-4BDB-8902-412C6099E3F2}.Release|Any CPU.ActiveCfg = Release|Any CPU
		{57CB1BB8-BEB3-4BDB-8902-412C6099E3F2}.Release|Any CPU.Build.0 = Release|Any CPU
		{619B259E-D35B-46D0-9575-3716991D0F11}.Debug|Any CPU.ActiveCfg = Debug|Any CPU
		{619B259E-D35B-46D0-9575-3716991D0F11}.Debug|Any CPU.Build.0 = Debug|Any CPU
		{619B259E-D35B-46D0-9575-3716991D0F11}.Release|Any CPU.ActiveCfg = Release|Any CPU
		{619B259E-D35B-46D0-9575-3716991D0F11}.Release|Any CPU.Build.0 = Release|Any CPU
		{2F10DBD6-CC98-4E4B-BA4D-0E253D6C66A2}.Debug|Any CPU.ActiveCfg = Debug|Any CPU
		{2F10DBD6-CC98-4E4B-BA4D-0E253D6C66A2}.Debug|Any CPU.Build.0 = Debug|Any CPU
		{2F10DBD6-CC98-4E4B-BA4D-0E253D6C66A2}.Release|Any CPU.ActiveCfg = Release|Any CPU
		{2F10DBD6-CC98-4E4B-BA4D-0E253D6C66A2}.Release|Any CPU.Build.0 = Release|Any CPU
		{77A94ABA-F998-4AAD-A825-3D83CE339B77}.Debug|Any CPU.ActiveCfg = Debug|Any CPU
		{77A94ABA-F998-4AAD-A825-3D83CE339B77}.Debug|Any CPU.Build.0 = Debug|Any CPU
		{77A94ABA-F998-4AAD-A825-3D83CE339B77}.Release|Any CPU.ActiveCfg = Release|Any CPU
		{77A94ABA-F998-4AAD-A825-3D83CE339B77}.Release|Any CPU.Build.0 = Release|Any CPU
		{9538E3E4-597C-4B62-8706-87D5DB78D6E7}.Debug|Any CPU.ActiveCfg = Debug|Any CPU
		{9538E3E4-597C-4B62-8706-87D5DB78D6E7}.Debug|Any CPU.Build.0 = Debug|Any CPU
		{9538E3E4-597C-4B62-8706-87D5DB78D6E7}.Release|Any CPU.ActiveCfg = Release|Any CPU
		{9538E3E4-597C-4B62-8706-87D5DB78D6E7}.Release|Any CPU.Build.0 = Release|Any CPU
	EndGlobalSection
	GlobalSection(SolutionProperties) = preSolution
		HideSolutionNode = FALSE
	EndGlobalSection
	GlobalSection(ExtensibilityGlobals) = postSolution
		SolutionGuid = {43668E71-C39C-4C07-AEC2-1FE89F64BE68}
	EndGlobalSection
EndGlobal
